
Microsoft Visual Studio Solution File, Format Version 12.00
# Visual Studio 2013
VisualStudioVersion = 12.0.30324.0
MinimumVisualStudioVersion = 10.0.40219.1
Project("{FAE04EC0-301F-11D3-BF4B-00C04F79EFBC}") = "GMF.Web", "GMF.Web\GMF.Web.csproj", "{DB12AC54-B227-4C19-8A8C-C058A3A7A6FB}"
EndProject
Project("{FAE04EC0-301F-11D3-BF4B-00C04F79EFBC}") = "GMF.Web.Tests", "GMF.Web.Tests\GMF.Web.Tests.csproj", "{80EB6852-14F4-4741-889E-DB525C96CCA1}"
EndProject
Global
	GlobalSection(SolutionConfigurationPlatforms) = preSolution
		Debug|Any CPU = Debug|Any CPU
		Release|Any CPU = Release|Any CPU
	EndGlobalSection
	GlobalSection(ProjectConfigurationPlatforms) = postSolution
		{DB12AC54-B227-4C19-8A8C-C058A3A7A6FB}.Debug|Any CPU.ActiveCfg = Debug|Any CPU
		{DB12AC54-B227-4C19-8A8C-C058A3A7A6FB}.Debug|Any CPU.Build.0 = Debug|Any CPU
		{DB12AC54-B227-4C19-8A8C-C058A3A7A6FB}.Release|Any CPU.ActiveCfg = Release|Any CPU
		{DB12AC54-B227-4C19-8A8C-C058A3A7A6FB}.Release|Any CPU.Build.0 = Release|Any CPU
		{80EB6852-14F4-4741-889E-DB525C96CCA1}.Debug|Any CPU.ActiveCfg = Debug|Any CPU
		{80EB6852-14F4-4741-889E-DB525C96CCA1}.Debug|Any CPU.Build.0 = Debug|Any CPU
		{80EB6852-14F4-4741-889E-DB525C96CCA1}.Release|Any CPU.ActiveCfg = Release|Any CPU
		{80EB6852-14F4-4741-889E-DB525C96CCA1}.Release|Any CPU.Build.0 = Release|Any CPU
	EndGlobalSection
	GlobalSection(SolutionProperties) = preSolution
		HideSolutionNode = FALSE
	EndGlobalSection
EndGlobal
